// !$*UTF8*$!
{
	archiveVersion = 1;
	classes = {
	};
	objectVersion = 77;
	objects = {

/* Begin PBXContainerItemProxy section */
		199D2DBA2D31235D00E231C1 /* PBXContainerItemProxy */ = {
			isa = PBXContainerItemProxy;
			containerPortal = 199D2DA12D31235B00E231C1 /* Project object */;
			proxyType = 1;
			remoteGlobalIDString = 199D2DA82D31235B00E231C1;
			remoteInfo = "tvos-example";
		};
		199D2DC42D31235D00E231C1 /* PBXContainerItemProxy */ = {
			isa = PBXContainerItemProxy;
			containerPortal = 199D2DA12D31235B00E231C1 /* Project object */;
			proxyType = 1;
			remoteGlobalIDString = 199D2DA82D31235B00E231C1;
			remoteInfo = "tvos-example";
		};
/* End PBXContainerItemProxy section */

/* Begin PBXFileReference section */
		199D2DA92D31235B00E231C1 /* tvos-example.app */ = {isa = PBXFileReference; explicitFileType = wrapper.application; includeInIndex = 0; path = "tvos-example.app"; sourceTree = BUILT_PRODUCTS_DIR; };
		199D2DB92D31235D00E231C1 /* tvos-exampleTests.xctest */ = {isa = PBXFileReference; explicitFileType = wrapper.cfbundle; includeInIndex = 0; path = "tvos-exampleTests.xctest"; sourceTree = BUILT_PRODUCTS_DIR; };
		199D2DC32D31235D00E231C1 /* tvos-exampleUITests.xctest */ = {isa = PBXFileReference; explicitFileType = wrapper.cfbundle; includeInIndex = 0; path = "tvos-exampleUITests.xctest"; sourceTree = BUILT_PRODUCTS_DIR; };
/* End PBXFileReference section */

/* Begin PBXFileSystemSynchronizedRootGroup section */
		199D2DAB2D31235B00E231C1 /* tvos-example */ = {
			isa = PBXFileSystemSynchronizedRootGroup;
			path = "tvos-example";
			sourceTree = "<group>";
		};
		199D2DBC2D31235D00E231C1 /* tvos-exampleTests */ = {
			isa = PBXFileSystemSynchronizedRootGroup;
			path = "tvos-exampleTests";
			sourceTree = "<group>";
		};
		199D2DC62D31235D00E231C1 /* tvos-exampleUITests */ = {
			isa = PBXFileSystemSynchronizedRootGroup;
			path = "tvos-exampleUITests";
			sourceTree = "<group>";
		};
/* End PBXFileSystemSynchronizedRootGroup section */

/* Begin PBXFrameworksBuildPhase section */
		199D2DA62D31235B00E231C1 /* Frameworks */ = {
			isa = PBXFrameworksBuildPhase;
			buildActionMask = 2147483647;
			files = (
			);
			runOnlyForDeploymentPostprocessing = 0;
		};
		199D2DB62D31235D00E231C1 /* Frameworks */ = {
			isa = PBXFrameworksBuildPhase;
			buildActionMask = 2147483647;
			files = (
			);
			runOnlyForDeploymentPostprocessing = 0;
		};
		199D2DC02D31235D00E231C1 /* Frameworks */ = {
			isa = PBXFrameworksBuildPhase;
			buildActionMask = 2147483647;
			files = (
			);
			runOnlyForDeploymentPostprocessing = 0;
		};
/* End PBXFrameworksBuildPhase section */

/* Begin PBXGroup section */
		199D2DA02D31235B00E231C1 = {
			isa = PBXGroup;
			children = (
				199D2DAB2D31235B00E231C1 /* tvos-example */,
				199D2DBC2D31235D00E231C1 /* tvos-exampleTests */,
				199D2DC62D31235D00E231C1 /* tvos-exampleUITests */,
				199D2DAA2D31235B00E231C1 /* Products */,
			);
			sourceTree = "<group>";
		};
		199D2DAA2D31235B00E231C1 /* Products */ = {
			isa = PBXGroup;
			children = (
				199D2DA92D31235B00E231C1 /* tvos-example.app */,
				199D2DB92D31235D00E231C1 /* tvos-exampleTests.xctest */,
				199D2DC32D31235D00E231C1 /* tvos-exampleUITests.xctest */,
			);
			name = Products;
			sourceTree = "<group>";
		};
/* End PBXGroup section */

/* Begin PBXNativeTarget section */
		199D2DA82D31235B00E231C1 /* tvos-example */ = {
			isa = PBXNativeTarget;
			buildConfigurationList = 199D2DCD2D31235D00E231C1 /* Build configuration list for PBXNativeTarget "tvos-example" */;
			buildPhases = (
				199D2DA52D31235B00E231C1 /* Sources */,
				199D2DA62D31235B00E231C1 /* Frameworks */,
				199D2DA72D31235B00E231C1 /* Resources */,
			);
			buildRules = (
			);
			dependencies = (
			);
			fileSystemSynchronizedGroups = (
				199D2DAB2D31235B00E231C1 /* tvos-example */,
			);
			name = "tvos-example";
			packageProductDependencies = (
			);
			productName = "tvos-example";
			productReference = 199D2DA92D31235B00E231C1 /* tvos-example.app */;
			productType = "com.apple.product-type.application";
		};
		199D2DB82D31235D00E231C1 /* tvos-exampleTests */ = {
			isa = PBXNativeTarget;
			buildConfigurationList = 199D2DD02D31235D00E231C1 /* Build configuration list for PBXNativeTarget "tvos-exampleTests" */;
			buildPhases = (
				199D2DB52D31235D00E231C1 /* Sources */,
				199D2DB62D31235D00E231C1 /* Frameworks */,
				199D2DB72D31235D00E231C1 /* Resources */,
			);
			buildRules = (
			);
			dependencies = (
				199D2DBB2D31235D00E231C1 /* PBXTargetDependency */,
			);
			fileSystemSynchronizedGroups = (
				199D2DBC2D31235D00E231C1 /* tvos-exampleTests */,
			);
			name = "tvos-exampleTests";
			packageProductDependencies = (
			);
			productName = "tvos-exampleTests";
			productReference = 199D2DB92D31235D00E231C1 /* tvos-exampleTests.xctest */;
			productType = "com.apple.product-type.bundle.unit-test";
		};
		199D2DC22D31235D00E231C1 /* tvos-exampleUITests */ = {
			isa = PBXNativeTarget;
			buildConfigurationList = 199D2DD32D31235D00E231C1 /* Build configuration list for PBXNativeTarget "tvos-exampleUITests" */;
			buildPhases = (
				199D2DBF2D31235D00E231C1 /* Sources */,
				199D2DC02D31235D00E231C1 /* Frameworks */,
				199D2DC12D31235D00E231C1 /* Resources */,
			);
			buildRules = (
			);
			dependencies = (
				199D2DC52D31235D00E231C1 /* PBXTargetDependency */,
			);
			fileSystemSynchronizedGroups = (
				199D2DC62D31235D00E231C1 /* tvos-exampleUITests */,
			);
			name = "tvos-exampleUITests";
			packageProductDependencies = (
			);
			productName = "tvos-exampleUITests";
			productReference = 199D2DC32D31235D00E231C1 /* tvos-exampleUITests.xctest */;
			productType = "com.apple.product-type.bundle.ui-testing";
		};
/* End PBXNativeTarget section */

/* Begin PBXProject section */
		199D2DA12D31235B00E231C1 /* Project object */ = {
			isa = PBXProject;
			attributes = {
				BuildIndependentTargetsInParallel = 1;
				LastSwiftUpdateCheck = 1620;
				LastUpgradeCheck = 1620;
				TargetAttributes = {
					199D2DA82D31235B00E231C1 = {
						CreatedOnToolsVersion = 16.2;
					};
					199D2DB82D31235D00E231C1 = {
						CreatedOnToolsVersion = 16.2;
						TestTargetID = 199D2DA82D31235B00E231C1;
					};
					199D2DC22D31235D00E231C1 = {
						CreatedOnToolsVersion = 16.2;
						TestTargetID = 199D2DA82D31235B00E231C1;
					};
				};
			};
			buildConfigurationList = 199D2DA42D31235B00E231C1 /* Build configuration list for PBXProject "tvos-example" */;
			developmentRegion = en;
			hasScannedForEncodings = 0;
			knownRegions = (
				en,
				Base,
			);
			mainGroup = 199D2DA02D31235B00E231C1;
			minimizedProjectReferenceProxies = 1;
			preferredProjectObjectVersion = 77;
			productRefGroup = 199D2DAA2D31235B00E231C1 /* Products */;
			projectDirPath = "";
			projectRoot = "";
			targets = (
				199D2DA82D31235B00E231C1 /* tvos-example */,
				199D2DB82D31235D00E231C1 /* tvos-exampleTests */,
				199D2DC22D31235D00E231C1 /* tvos-exampleUITests */,
			);
		};
/* End PBXProject section */

/* Begin PBXResourcesBuildPhase section */
		199D2DA72D31235B00E231C1 /* Resources */ = {
			isa = PBXResourcesBuildPhase;
			buildActionMask = 2147483647;
			files = (
			);
			runOnlyForDeploymentPostprocessing = 0;
		};
		199D2DB72D31235D00E231C1 /* Resources */ = {
			isa = PBXResourcesBuildPhase;
			buildActionMask = 2147483647;
			files = (
			);
			runOnlyForDeploymentPostprocessing = 0;
		};
		199D2DC12D31235D00E231C1 /* Resources */ = {
			isa = PBXResourcesBuildPhase;
			buildActionMask = 2147483647;
			files = (
			);
			runOnlyForDeploymentPostprocessing = 0;
		};
/* End PBXResourcesBuildPhase section */

/* Begin PBXSourcesBuildPhase section */
		199D2DA52D31235B00E231C1 /* Sources */ = {
			isa = PBXSourcesBuildPhase;
			buildActionMask = 2147483647;
			files = (
			);
			runOnlyForDeploymentPostprocessing = 0;
		};
		199D2DB52D31235D00E231C1 /* Sources */ = {
			isa = PBXSourcesBuildPhase;
			buildActionMask = 2147483647;
			files = (
			);
			runOnlyForDeploymentPostprocessing = 0;
		};
		199D2DBF2D31235D00E231C1 /* Sources */ = {
			isa = PBXSourcesBuildPhase;
			buildActionMask = 2147483647;
			files = (
			);
			runOnlyForDeploymentPostprocessing = 0;
		};
/* End PBXSourcesBuildPhase section */

/* Begin PBXTargetDependency section */
		199D2DBB2D31235D00E231C1 /* PBXTargetDependency */ = {
			isa = PBXTargetDependency;
			target = 199D2DA82D31235B00E231C1 /* tvos-example */;
			targetProxy = 199D2DBA2D31235D00E231C1 /* PBXContainerItemProxy */;
		};
		199D2DC52D31235D00E231C1 /* PBXTargetDependency */ = {
			isa = PBXTargetDependency;
			target = 199D2DA82D31235B00E231C1 /* tvos-example */;
			targetProxy = 199D2DC42D31235D00E231C1 /* PBXContainerItemProxy */;
		};
/* End PBXTargetDependency section */

/* Begin XCBuildConfiguration section */
		199D2DCB2D31235D00E231C1 /* Debug */ = {
			isa = XCBuildConfiguration;
			buildSettings = {
				ALWAYS_SEARCH_USER_PATHS = NO;
				ASSETCATALOG_COMPILER_GENERATE_SWIFT_ASSET_SYMBOL_EXTENSIONS = YES;
				CLANG_ANALYZER_NONNULL = YES;
				CLANG_ANALYZER_NUMBER_OBJECT_CONVERSION = YES_AGGRESSIVE;
				CLANG_CXX_LANGUAGE_STANDARD = "gnu++20";
				CLANG_ENABLE_MODULES = YES;
				CLANG_ENABLE_OBJC_ARC = YES;
				CLANG_ENABLE_OBJC_WEAK = YES;
				CLANG_WARN_BLOCK_CAPTURE_AUTORELEASING = YES;
				CLANG_WARN_BOOL_CONVERSION = YES;
				CLANG_WARN_COMMA = YES;
				CLANG_WARN_CONSTANT_CONVERSION = YES;
				CLANG_WARN_DEPRECATED_OBJC_IMPLEMENTATIONS = YES;
				CLANG_WARN_DIRECT_OBJC_ISA_USAGE = YES_ERROR;
				CLANG_WARN_DOCUMENTATION_COMMENTS = YES;
				CLANG_WARN_EMPTY_BODY = YES;
				CLANG_WARN_ENUM_CONVERSION = YES;
				CLANG_WARN_INFINITE_RECURSION = YES;
				CLANG_WARN_INT_CONVERSION = YES;
				CLANG_WARN_NON_LITERAL_NULL_CONVERSION = YES;
				CLANG_WARN_OBJC_IMPLICIT_RETAIN_SELF = YES;
				CLANG_WARN_OBJC_LITERAL_CONVERSION = YES;
				CLANG_WARN_OBJC_ROOT_CLASS = YES_ERROR;
				CLANG_WARN_QUOTED_INCLUDE_IN_FRAMEWORK_HEADER = YES;
				CLANG_WARN_RANGE_LOOP_ANALYSIS = YES;
				CLANG_WARN_STRICT_PROTOTYPES = YES;
				CLANG_WARN_SUSPICIOUS_MOVE = YES;
				CLANG_WARN_UNGUARDED_AVAILABILITY = YES_AGGRESSIVE;
				CLANG_WARN_UNREACHABLE_CODE = YES;
				CLANG_WARN__DUPLICATE_METHOD_MATCH = YES;
				COPY_PHASE_STRIP = NO;
				DEBUG_INFORMATION_FORMAT = dwarf;
				ENABLE_STRICT_OBJC_MSGSEND = YES;
				ENABLE_TESTABILITY = YES;
				ENABLE_USER_SCRIPT_SANDBOXING = YES;
				GCC_C_LANGUAGE_STANDARD = gnu17;
				GCC_DYNAMIC_NO_PIC = NO;
				GCC_NO_COMMON_BLOCKS = YES;
				GCC_OPTIMIZATION_LEVEL = 0;
				GCC_PREPROCESSOR_DEFINITIONS = (
					"DEBUG=1",
					"$(inherited)",
				);
				GCC_WARN_64_TO_32_BIT_CONVERSION = YES;
				GCC_WARN_ABOUT_RETURN_TYPE = YES_ERROR;
				GCC_WARN_UNDECLARED_SELECTOR = YES;
				GCC_WARN_UNINITIALIZED_AUTOS = YES_AGGRESSIVE;
				GCC_WARN_UNUSED_FUNCTION = YES;
				GCC_WARN_UNUSED_VARIABLE = YES;
				LOCALIZATION_PREFERS_STRING_CATALOGS = YES;
				MTL_ENABLE_DEBUG_INFO = INCLUDE_SOURCE;
				MTL_FAST_MATH = YES;
				ONLY_ACTIVE_ARCH = YES;
				SDKROOT = appletvos;
				SWIFT_ACTIVE_COMPILATION_CONDITIONS = "DEBUG $(inherited)";
				SWIFT_OPTIMIZATION_LEVEL = "-Onone";
				TVOS_DEPLOYMENT_TARGET = 18.2;
			};
			name = Debug;
		};
		199D2DCC2D31235D00E231C1 /* Release */ = {
			isa = XCBuildConfiguration;
			buildSettings = {
				ALWAYS_SEARCH_USER_PATHS = NO;
				ASSETCATALOG_COMPILER_GENERATE_SWIFT_ASSET_SYMBOL_EXTENSIONS = YES;
				CLANG_ANALYZER_NONNULL = YES;
				CLANG_ANALYZER_NUMBER_OBJECT_CONVERSION = YES_AGGRESSIVE;
				CLANG_CXX_LANGUAGE_STANDARD = "gnu++20";
				CLANG_ENABLE_MODULES = YES;
				CLANG_ENABLE_OBJC_ARC = YES;
				CLANG_ENABLE_OBJC_WEAK = YES;
				CLANG_WARN_BLOCK_CAPTURE_AUTORELEASING = YES;
				CLANG_WARN_BOOL_CONVERSION = YES;
				CLANG_WARN_COMMA = YES;
				CLANG_WARN_CONSTANT_CONVERSION = YES;
				CLANG_WARN_DEPRECATED_OBJC_IMPLEMENTATIONS = YES;
				CLANG_WARN_DIRECT_OBJC_ISA_USAGE = YES_ERROR;
				CLANG_WARN_DOCUMENTATION_COMMENTS = YES;
				CLANG_WARN_EMPTY_BODY = YES;
				CLANG_WARN_ENUM_CONVERSION = YES;
				CLANG_WARN_INFINITE_RECURSION = YES;
				CLANG_WARN_INT_CONVERSION = YES;
				CLANG_WARN_NON_LITERAL_NULL_CONVERSION = YES;
				CLANG_WARN_OBJC_IMPLICIT_RETAIN_SELF = YES;
				CLANG_WARN_OBJC_LITERAL_CONVERSION = YES;
				CLANG_WARN_OBJC_ROOT_CLASS = YES_ERROR;
				CLANG_WARN_QUOTED_INCLUDE_IN_FRAMEWORK_HEADER = YES;
				CLANG_WARN_RANGE_LOOP_ANALYSIS = YES;
				CLANG_WARN_STRICT_PROTOTYPES = YES;
				CLANG_WARN_SUSPICIOUS_MOVE = YES;
				CLANG_WARN_UNGUARDED_AVAILABILITY = YES_AGGRESSIVE;
				CLANG_WARN_UNREACHABLE_CODE = YES;
				CLANG_WARN__DUPLICATE_METHOD_MATCH = YES;
				COPY_PHASE_STRIP = NO;
				DEBUG_INFORMATION_FORMAT = "dwarf-with-dsym";
				ENABLE_NS_ASSERTIONS = NO;
				ENABLE_STRICT_OBJC_MSGSEND = YES;
				ENABLE_USER_SCRIPT_SANDBOXING = YES;
				GCC_C_LANGUAGE_STANDARD = gnu17;
				GCC_NO_COMMON_BLOCKS = YES;
				GCC_WARN_64_TO_32_BIT_CONVERSION = YES;
				GCC_WARN_ABOUT_RETURN_TYPE = YES_ERROR;
				GCC_WARN_UNDECLARED_SELECTOR = YES;
				GCC_WARN_UNINITIALIZED_AUTOS = YES_AGGRESSIVE;
				GCC_WARN_UNUSED_FUNCTION = YES;
				GCC_WARN_UNUSED_VARIABLE = YES;
				LOCALIZATION_PREFERS_STRING_CATALOGS = YES;
				MTL_ENABLE_DEBUG_INFO = NO;
				MTL_FAST_MATH = YES;
				SDKROOT = appletvos;
				SWIFT_COMPILATION_MODE = wholemodule;
				TVOS_DEPLOYMENT_TARGET = 18.2;
				VALIDATE_PRODUCT = YES;
			};
			name = Release;
		};
		199D2DCE2D31235D00E231C1 /* Debug */ = {
			isa = XCBuildConfiguration;
			buildSettings = {
				ASSETCATALOG_COMPILER_APPICON_NAME = "App Icon & Top Shelf Image";
				ASSETCATALOG_COMPILER_GLOBAL_ACCENT_COLOR_NAME = AccentColor;
				CODE_SIGN_STYLE = Automatic;
				CURRENT_PROJECT_VERSION = 1;
				DEVELOPMENT_ASSET_PATHS = "\"tvos-example/Preview Content\"";
				ENABLE_PREVIEWS = YES;
				GENERATE_INFOPLIST_FILE = YES;
				INFOPLIST_KEY_UILaunchScreen_Generation = YES;
				INFOPLIST_KEY_UIUserInterfaceStyle = Automatic;
				LD_RUNPATH_SEARCH_PATHS = (
					"$(inherited)",
					"@executable_path/Frameworks",
				);
				MARKETING_VERSION = 1.0;
				PRODUCT_BUNDLE_IDENTIFIER = "com.testingbot.tvos-example";
				PRODUCT_NAME = "$(TARGET_NAME)";
				SWIFT_EMIT_LOC_STRINGS = YES;
				SWIFT_VERSION = 5.0;
				TARGETED_DEVICE_FAMILY = 3;
			};
			name = Debug;
		};
		199D2DCF2D31235D00E231C1 /* Release */ = {
			isa = XCBuildConfiguration;
			buildSettings = {
				ASSETCATALOG_COMPILER_APPICON_NAME = "App Icon & Top Shelf Image";
				ASSETCATALOG_COMPILER_GLOBAL_ACCENT_COLOR_NAME = AccentColor;
				CODE_SIGN_STYLE = Automatic;
				CURRENT_PROJECT_VERSION = 1;
				DEVELOPMENT_ASSET_PATHS = "\"tvos-example/Preview Content\"";
				ENABLE_PREVIEWS = YES;
				GENERATE_INFOPLIST_FILE = YES;
				INFOPLIST_KEY_UILaunchScreen_Generation = YES;
				INFOPLIST_KEY_UIUserInterfaceStyle = Automatic;
				LD_RUNPATH_SEARCH_PATHS = (
					"$(inherited)",
					"@executable_path/Frameworks",
				);
				MARKETING_VERSION = 1.0;
				PRODUCT_BUNDLE_IDENTIFIER = "com.testingbot.tvos-example";
				PRODUCT_NAME = "$(TARGET_NAME)";
				SWIFT_EMIT_LOC_STRINGS = YES;
				SWIFT_VERSION = 5.0;
				TARGETED_DEVICE_FAMILY = 3;
			};
			name = Release;
		};
		199D2DD12D31235D00E231C1 /* Debug */ = {
			isa = XCBuildConfiguration;
			buildSettings = {
				BUNDLE_LOADER = "$(TEST_HOST)";
				CODE_SIGN_STYLE = Automatic;
				CURRENT_PROJECT_VERSION = 1;
				GENERATE_INFOPLIST_FILE = YES;
				MARKETING_VERSION = 1.0;
				PRODUCT_BUNDLE_IDENTIFIER = "com.testingbot.tvos-exampleTests";
				PRODUCT_NAME = "$(TARGET_NAME)";
				SWIFT_EMIT_LOC_STRINGS = NO;
				SWIFT_VERSION = 5.0;
				TARGETED_DEVICE_FAMILY = 3;
				TEST_HOST = "$(BUILT_PRODUCTS_DIR)/tvos-example.app/$(BUNDLE_EXECUTABLE_FOLDER_PATH)/tvos-example";
				TVOS_DEPLOYMENT_TARGET = 18.2;
			};
			name = Debug;
		};
		199D2DD22D31235D00E231C1 /* Release */ = {
			isa = XCBuildConfiguration;
			buildSettings = {
				BUNDLE_LOADER = "$(TEST_HOST)";
				CODE_SIGN_STYLE = Automatic;
				CURRENT_PROJECT_VERSION = 1;
				GENERATE_INFOPLIST_FILE = YES;
				MARKETING_VERSION = 1.0;
				PRODUCT_BUNDLE_IDENTIFIER = "com.testingbot.tvos-exampleTests";
				PRODUCT_NAME = "$(TARGET_NAME)";
				SWIFT_EMIT_LOC_STRINGS = NO;
				SWIFT_VERSION = 5.0;
				TARGETED_DEVICE_FAMILY = 3;
				TEST_HOST = "$(BUILT_PRODUCTS_DIR)/tvos-example.app/$(BUNDLE_EXECUTABLE_FOLDER_PATH)/tvos-example";
				TVOS_DEPLOYMENT_TARGET = 18.2;
			};
			name = Release;
		};
		199D2DD42D31235D00E231C1 /* Debug */ = {
			isa = XCBuildConfiguration;
			buildSettings = {
				CODE_SIGN_STYLE = Automatic;
				CURRENT_PROJECT_VERSION = 1;
				GENERATE_INFOPLIST_FILE = YES;
				MARKETING_VERSION = 1.0;
				PRODUCT_BUNDLE_IDENTIFIER = "com.testingbot.tvos-exampleUITests";
				PRODUCT_NAME = "$(TARGET_NAME)";
				SWIFT_EMIT_LOC_STRINGS = NO;
				SWIFT_VERSION = 5.0;
				TARGETED_DEVICE_FAMILY = 3;
				TEST_TARGET_NAME = "tvos-example";
			};
			name = Debug;
		};
		199D2DD52D31235D00E231C1 /* Release */ = {
			isa = XCBuildConfiguration;
			buildSettings = {
				CODE_SIGN_STYLE = Automatic;
				CURRENT_PROJECT_VERSION = 1;
				GENERATE_INFOPLIST_FILE = YES;
				MARKETING_VERSION = 1.0;
				PRODUCT_BUNDLE_IDENTIFIER = "com.testingbot.tvos-exampleUITests";
				PRODUCT_NAME = "$(TARGET_NAME)";
				SWIFT_EMIT_LOC_STRINGS = NO;
				SWIFT_VERSION = 5.0;
				TARGETED_DEVICE_FAMILY = 3;
				TEST_TARGET_NAME = "tvos-example";
			};
			name = Release;
		};
/* End XCBuildConfiguration section */

/* Begin XCConfigurationList section */
		199D2DA42D31235B00E231C1 /* Build configuration list for PBXProject "tvos-example" */ = {
			isa = XCConfigurationList;
			buildConfigurations = (
				199D2DCB2D31235D00E231C1 /* Debug */,
				199D2DCC2D31235D00E231C1 /* Release */,
			);
			defaultConfigurationIsVisible = 0;
			defaultConfigurationName = Release;
		};
		199D2DCD2D31235D00E231C1 /* Build configuration list for PBXNativeTarget "tvos-example" */ = {
			isa = XCConfigurationList;
			buildConfigurations = (
				199D2DCE2D31235D00E231C1 /* Debug */,
				199D2DCF2D31235D00E231C1 /* Release */,
			);
			defaultConfigurationIsVisible = 0;
			defaultConfigurationName = Release;
		};
		199D2DD02D31235D00E231C1 /* Build configuration list for PBXNativeTarget "tvos-exampleTests" */ = {
			isa = XCConfigurationList;
			buildConfigurations = (
				199D2DD12D31235D00E231C1 /* Debug */,
				199D2DD22D31235D00E231C1 /* Release */,
			);
			defaultConfigurationIsVisible = 0;
			defaultConfigurationName = Release;
		};
		199D2DD32D31235D00E231C1 /* Build configuration list for PBXNativeTarget "tvos-exampleUITests" */ = {
			isa = XCConfigurationList;
			buildConfigurations = (
				199D2DD42D31235D00E231C1 /* Debug */,
				199D2DD52D31235D00E231C1 /* Release */,
			);
			defaultConfigurationIsVisible = 0;
			defaultConfigurationName = Release;
		};
/* End XCConfigurationList section */
	};
	rootObject = 199D2DA12D31235B00E231C1 /* Project object */;
}
